{
  "meteor": {},
  "dependencies": {
    "basePackages": {
      "iron-router": {},
      "mocha-web": {}
    },
    "packages": {
      "iron-router": {
        "git": "https://github.com/EventedMind/iron-router.git",
        "tag": "v0.6.1",
        "commit": "4e1ee0581d68bff422a915dacb0bd30eae10fe08"
      },
      "mocha-web": {
        "git": "https://github.com/mad-eye/meteor-mocha-web.git",
        "tag": "v0.1.5",
        "commit": "76583213dbea2c5459bcf5197a2267b71877b99c"
      }
    }
  }
}
